
Microsoft Visual Studio Solution File, Format Version 12.00
# Visual Studio 14
VisualStudioVersion = 14.0.25420.1
MinimumVisualStudioVersion = 10.0.40219.1
Project("{8BC9CEB8-8B4A-11D0-8D11-00A0C91BC942}") = "WinWM", "WinWM\WinWM.vcxproj", "{307619F4-1BE1-4511-9723-214EB587B789}"
EndProject
Project("{8BC9CEB8-8B4A-11D0-8D11-00A0C91BC942}") = "test", "test\test.vcxproj", "{4F9B4C59-3BB7-4F2D-810A-F65F67165D4F}"
EndProject
Global
	GlobalSection(SolutionConfigurationPlatforms) = preSolution
		Debug|x64 = Debug|x64
		Debug|x86 = Debug|x86
		Release|x64 = Release|x64
		Release|x86 = Release|x86
	EndGlobalSection
	GlobalSection(ProjectConfigurationPlatforms) = postSolution
		{307619F4-1BE1-4511-9723-214EB587B789}.Debug|x64.ActiveCfg = Debug|x64
		{307619F4-1BE1-4511-9723-214EB587B789}.Debug|x64.Build.0 = Debug|x64
		{307619F4-1BE1-4511-9723-214EB587B789}.Debug|x86.ActiveCfg = Debug|Win32
		{307619F4-1BE1-4511-9723-214EB587B789}.Debug|x86.Build.0 = Debug|Win32
		{307619F4-1BE1-4511-9723-214EB587B789}.Release|x64.ActiveCfg = Release|x64
		{307619F4-1BE1-4511-9723-214EB587B789}.Release|x64.Build.0 = Release|x64
		{307619F4-1BE1-4511-9723-214EB587B789}.Release|x86.ActiveCfg = Release|Win32
		{307619F4-1BE1-4511-9723-214EB587B789}.Release|x86.Build.0 = Release|Win32
		{4F9B4C59-3BB7-4F2D-810A-F65F67165D4F}.Debug|x64.ActiveCfg = Debug|x64
		{4F9B4C59-3BB7-4F2D-810A-F65F67165D4F}.Debug|x64.Build.0 = Debug|x64
		{4F9B4C59-3BB7-4F2D-810A-F65F67165D4F}.Debug|x86.ActiveCfg = Debug|Win32
		{4F9B4C59-3BB7-4F2D-810A-F65F67165D4F}.Debug|x86.Build.0 = Debug|Win32
		{4F9B4C59-3BB7-4F2D-810A-F65F67165D4F}.Release|x64.ActiveCfg = Release|x64
		{4F9B4C59-3BB7-4F2D-810A-F65F67165D4F}.Release|x64.Build.0 = Release|x64
		{4F9B4C59-3BB7-4F2D-810A-F65F67165D4F}.Release|x86.ActiveCfg = Release|Win32
		{4F9B4C59-3BB7-4F2D-810A-F65F67165D4F}.Release|x86.Build.0 = Release|Win32
	EndGlobalSection
	GlobalSection(SolutionProperties) = preSolution
		HideSolutionNode = FALSE
	EndGlobalSection
EndGlobal
